{
  "lockfile_version": "1",
  "packages": {
    "github:NixOS/nixpkgs/nixpkgs-unstable": {
      "last_modified": "2025-07-06T07:15:37Z",
      "resolved": "github:NixOS/nixpkgs/ceb24d94c6feaa4e8737a8e2bd3cf71c3a7eaaa0?lastModified=1751786137&narHash=sha256-lIlUKVGCGsh0Q2EA7%2F6xRtKUZjaQ%2Fur8uUyY%2BMynHXQ%3D"
    },
    "glibcLocales@latest": {
      "last_modified": "2025-07-28T17:09:23Z",
      "resolved": "github:NixOS/nixpkgs/648f70160c03151bc2121d179291337ad6bc564b#glibcLocales",
      "source": "devbox-search",
      "version": "2.40-66",
      "systems": {
        "aarch64-linux": {
          "outputs": [
            {
              "name": "out",
              "path": "/nix/store/3qf3dikps0lyifxs01mibkb019gzwfka-glibc-locales-2.40-66",
              "default": true
            }
          ],
          "store_path": "/nix/store/3qf3dikps0lyifxs01mibkb019gzwfka-glibc-locales-2.40-66"
        },
        "x86_64-linux": {
          "outputs": [
            {
              "name": "out",
              "path": "/nix/store/f01i3lw7r2mcyin7pfm6ww3sdyrpy9mb-glibc-locales-2.40-66",
              "default": true
            }
          ],
          "store_path": "/nix/store/f01i3lw7r2mcyin7pfm6ww3sdyrpy9mb-glibc-locales-2.40-66"
        }
      }
    },
    "postgresql@latest": {
      "last_modified": "2025-08-12T09:17:37Z",
      "plugin_version": "0.0.2",
      "resolved": "github:NixOS/nixpkgs/372d9eeeafa5b15913201e2b92e8e539ac7c64d1#postgresql",
      "source": "devbox-search",
      "version": "17.5",
      "systems": {
        "aarch64-darwin": {
          "outputs": [
            {
              "name": "out",
              "path": "/nix/store/dfmi5df0i45v2cibv90zbga22l5pmmnw-postgresql-17.5",
              "default": true
            },
            {
              "name": "man",
              "path": "/nix/store/g3gynlyaxxgwiq8fm5lcqs7cp0fr25zl-postgresql-17.5-man",
              "default": true
            },
            {
              "name": "lib",
              "path": "/nix/store/z2ixx0168lngnhdgcxaw9w6wra0ibnnx-postgresql-17.5-lib"
            },
            {
              "name": "plperl",
              "path": "/nix/store/8qv982x7a177gwn2d0s2xnss9gayhj51-postgresql-17.5-plperl"
            },
            {
              "name": "plpython3",
              "path": "/nix/store/fqkh3qj0x8by1aczhg5sj2wla0rmg3wr-postgresql-17.5-plpython3"
            },
            {
              "name": "doc",
              "path": "/nix/store/13n7szqbq83d5s7i17xd1y6vijnlw8si-postgresql-17.5-doc"
            },
            {
              "name": "dev",
              "path": "/nix/store/rid24asr9anzmzvj8vzvvh6vhyzrv1g0-postgresql-17.5-dev"
            },
            {
              "name": "jit",
              "path": "/nix/store/pwi2jpd8kzpddzcj6rnhas1rkd17j05l-postgresql-17.5-jit"
            },
            {
              "name": "pltcl",
              "path": "/nix/store/bvfy276k5xz806vglghvbl7s8c6wl5z4-postgresql-17.5-pltcl"
            }
          ],
          "store_path": "/nix/store/dfmi5df0i45v2cibv90zbga22l5pmmnw-postgresql-17.5"
        },
        "aarch64-linux": {
          "outputs": [
            {
              "name": "out",
              "path": "/nix/store/mdf05bq8zlvraxpxlyj3rg6660x3ramx-postgresql-17.5",
              "default": true
            },
            {
              "name": "man",
              "path": "/nix/store/z39cmrls5696pv6a99kglyyw309z2lj9-postgresql-17.5-man",
              "default": true
            },
            {
              "name": "dev",
              "path": "/nix/store/l7rryvxw8z6im8dnsmskpry4ydbnk6rq-postgresql-17.5-dev"
            },
            {
              "name": "doc",
              "path": "/nix/store/5g0krnrsbwmpvwz50jk7if7az8q9yxvp-postgresql-17.5-doc"
            },
            {
              "name": "lib",
              "path": "/nix/store/06mkcha74k49nzjg5zdlf8ywv2ij77sm-postgresql-17.5-lib"
            },
            {
              "name": "plperl",
              "path": "/nix/store/l7g0spdxs7wfhzlfz6584krb4wxbl0hn-postgresql-17.5-plperl"
            },
            {
              "name": "plpython3",
              "path": "/nix/store/wivl4xjnsdka9cz3aiv5y7fg7rqg7jfp-postgresql-17.5-plpython3"
            },
            {
              "name": "jit",
              "path": "/nix/store/3jflknpljm3hfr03fih3rwm18wdxdwkh-postgresql-17.5-jit"
            },
            {
              "name": "debug",
              "path": "/nix/store/s84wvrgpqql4iw9gygq5jzs93c7bvv90-postgresql-17.5-debug"
            },
            {
              "name": "pltcl",
              "path": "/nix/store/n58hxn83kdxmhd2hx1jhbn9bca07595j-postgresql-17.5-pltcl"
            }
          ],
          "store_path": "/nix/store/mdf05bq8zlvraxpxlyj3rg6660x3ramx-postgresql-17.5"
        },
        "x86_64-darwin": {
          "outputs": [
            {
              "name": "out",
              "path": "/nix/store/dh5vca89l71qprnlhk8syb79c544s8wd-postgresql-17.5",
              "default": true
            },
            {
              "name": "man",
              "path": "/nix/store/1q81qzabr82rn36zs9ll6s8c6briqbbv-postgresql-17.5-man",
              "default": true
            },
            {
              "name": "dev",
              "path": "/nix/store/c6mk6kvrchibfmjc9fia8i0d064mfl51-postgresql-17.5-dev"
            },
            {
              "name": "pltcl",
              "path": "/nix/store/x7ngrwcymp5zmqm62qf5wixirsdm74vm-postgresql-17.5-pltcl"
            },
            {
              "name": "plperl",
              "path": "/nix/store/q4s9pzl97bf4lkxlwsamwb0q3w611ldy-postgresql-17.5-plperl"
            },
            {
              "name": "plpython3",
              "path": "/nix/store/kvk8x0lphwfd5nkncv7ixn8j37964ihg-postgresql-17.5-plpython3"
            },
            {
              "name": "jit",
              "path": "/nix/store/dwlbnv8qs5m3sz4vdln9d9bz6rilc5r6-postgresql-17.5-jit"
            },
            {
              "name": "doc",
              "path": "/nix/store/1sh044b2grn7xd40afrqa56lvh1i4bkh-postgresql-17.5-doc"
            },
            {
              "name": "lib",
              "path": "/nix/store/83xc3vq9vmaix9ab0cx849ypnbcajv5q-postgresql-17.5-lib"
            }
          ],
          "store_path": "/nix/store/dh5vca89l71qprnlhk8syb79c544s8wd-postgresql-17.5"
        },
        "x86_64-linux": {
          "outputs": [
            {
              "name": "out",
              "path": "/nix/store/f1akpy48ng3zshls7ncfx0h45ca9kskg-postgresql-17.5",
              "default": true
            },
            {
              "name": "man",
              "path": "/nix/store/vrqqycznilgqy95rfrxp7ji9l8swdlc7-postgresql-17.5-man",
              "default": true
            },
            {
              "name": "jit",
              "path": "/nix/store/1ymacxkxm8z5v9yhh196gv82462vrja8-postgresql-17.5-jit"
            },
            {
              "name": "plperl",
              "path": "/nix/store/3yjd6qmiz4965rwa3fz4pi2cvdzki63d-postgresql-17.5-plperl"
            },
            {
              "name": "plpython3",
              "path": "/nix/store/x3g44jhfkzkdxziy8122fz4djh8hi6ia-postgresql-17.5-plpython3"
            },
            {
              "name": "debug",
              "path": "/nix/store/p9qmqlj43crbvya5zic4daxpa9irpcf6-postgresql-17.5-debug"
            },
            {
              "name": "dev",
              "path": "/nix/store/dhvvss0cly7inw5m5gg00zaksn1x4k0a-postgresql-17.5-dev"
            },
            {
              "name": "pltcl",
              "path": "/nix/store/sfjhv0zx9mklr23n9ybfwmlggw13ciy7-postgresql-17.5-pltcl"
            },
            {
              "name": "doc",
              "path": "/nix/store/wy4x55s5idkpjwdc38icsjj5fai7qr35-postgresql-17.5-doc"
            },
            {
              "name": "lib",
              "path": "/nix/store/n8z6i9wdbv4wkckw88fcf85pjpydvdmw-postgresql-17.5-lib"
            }
          ],
          "store_path": "/nix/store/f1akpy48ng3zshls7ncfx0h45ca9kskg-postgresql-17.5"
        }
      }
    },
    "process-compose@latest": {
      "last_modified": "2025-07-28T17:09:23Z",
      "resolved": "github:NixOS/nixpkgs/648f70160c03151bc2121d179291337ad6bc564b#process-compose",
      "source": "devbox-search",
      "version": "1.64.1",
      "systems": {
        "aarch64-darwin": {
          "outputs": [
            {
              "name": "out",
              "path": "/nix/store/1f768ii5k8l0w31g4xijjpiwn86jxymf-process-compose-1.64.1",
              "default": true
            }
          ],
          "store_path": "/nix/store/1f768ii5k8l0w31g4xijjpiwn86jxymf-process-compose-1.64.1"
        },
        "aarch64-linux": {
          "outputs": [
            {
              "name": "out",
              "path": "/nix/store/32mrcqg3xv6xcbsxw95p1kscp29w177i-process-compose-1.64.1",
              "default": true
            }
          ],
          "store_path": "/nix/store/32mrcqg3xv6xcbsxw95p1kscp29w177i-process-compose-1.64.1"
        },
        "x86_64-darwin": {
          "outputs": [
            {
              "name": "out",
              "path": "/nix/store/k96b8z7wbqs0gaqm2kfvmjwn9zamyifb-process-compose-1.64.1",
              "default": true
            }
          ],
          "store_path": "/nix/store/k96b8z7wbqs0gaqm2kfvmjwn9zamyifb-process-compose-1.64.1"
        },
        "x86_64-linux": {
          "outputs": [
            {
              "name": "out",
              "path": "/nix/store/9sfly6wnq2jh51s0zazcahnqd5bv49f4-process-compose-1.64.1",
              "default": true
            }
          ],
          "store_path": "/nix/store/9sfly6wnq2jh51s0zazcahnqd5bv49f4-process-compose-1.64.1"
        }
      }
    },
    "python313@latest": {
      "last_modified": "2025-05-16T20:19:48Z",
      "plugin_version": "0.0.4",
      "resolved": "github:NixOS/nixpkgs/12a55407652e04dcf2309436eb06fef0d3713ef3#python313",
      "source": "devbox-search",
      "version": "3.13.3",
      "systems": {
        "aarch64-darwin": {
          "outputs": [
            {
              "name": "out",
              "path": "/nix/store/1a8xg8l3m67hxinxzzcsak9736qm9vsf-python3-3.13.3",
              "default": true
            }
          ],
          "store_path": "/nix/store/1a8xg8l3m67hxinxzzcsak9736qm9vsf-python3-3.13.3"
        },
        "aarch64-linux": {
          "outputs": [
            {
              "name": "out",
              "path": "/nix/store/yy0xvc2rydhrs0h1v8d7r3sql347xzz5-python3-3.13.3",
              "default": true
            },
            {
              "name": "debug",
              "path": "/nix/store/42bxfqfrh8cwspl7szr0cw8739xv8qlq-python3-3.13.3-debug"
            }
          ],
          "store_path": "/nix/store/yy0xvc2rydhrs0h1v8d7r3sql347xzz5-python3-3.13.3"
        },
        "x86_64-darwin": {
          "outputs": [
            {
              "name": "out",
              "path": "/nix/store/gbrigjhghz9v2p0zf9b2fnvs0g0yx7q4-python3-3.13.3",
              "default": true
            }
          ],
          "store_path": "/nix/store/gbrigjhghz9v2p0zf9b2fnvs0g0yx7q4-python3-3.13.3"
        },
        "x86_64-linux": {
          "outputs": [
            {
              "name": "out",
              "path": "/nix/store/2mab9iiwhcqwk75qwvp3zv0bvbiaq6cs-python3-3.13.3",
              "default": true
            },
            {
              "name": "debug",
              "path": "/nix/store/9z6k8ijl2md0y2n95yprbjj4vxbfsi15-python3-3.13.3-debug"
            }
          ],
          "store_path": "/nix/store/2mab9iiwhcqwk75qwvp3zv0bvbiaq6cs-python3-3.13.3"
        }
      }
    },
    "ruff@latest": {
      "last_modified": "2025-07-28T17:09:23Z",
      "resolved": "github:NixOS/nixpkgs/648f70160c03151bc2121d179291337ad6bc564b#ruff",
      "source": "devbox-search",
      "version": "0.12.4",
      "systems": {
        "aarch64-darwin": {
          "outputs": [
            {
              "name": "out",
              "path": "/nix/store/rwxgbgfx5m3ln4d2wv0vx194wy7j4v3j-ruff-0.12.4",
              "default": true
            }
          ],
          "store_path": "/nix/store/rwxgbgfx5m3ln4d2wv0vx194wy7j4v3j-ruff-0.12.4"
        },
        "aarch64-linux": {
          "outputs": [
            {
              "name": "out",
              "path": "/nix/store/cqslzqas3rb1qzdx9gfkp9piz8awz1l4-ruff-0.12.4",
              "default": true
            }
          ],
          "store_path": "/nix/store/cqslzqas3rb1qzdx9gfkp9piz8awz1l4-ruff-0.12.4"
        },
        "x86_64-darwin": {
          "outputs": [
            {
              "name": "out",
              "path": "/nix/store/jipra52bjpjsmqsmy6w5w7z07m3ivw7z-ruff-0.12.4",
              "default": true
            }
          ],
          "store_path": "/nix/store/jipra52bjpjsmqsmy6w5w7z07m3ivw7z-ruff-0.12.4"
        },
        "x86_64-linux": {
          "outputs": [
            {
              "name": "out",
              "path": "/nix/store/yr42i3idp27hhsxhakws9nm42f6c6gqm-ruff-0.12.4",
              "default": true
            }
          ],
          "store_path": "/nix/store/yr42i3idp27hhsxhakws9nm42f6c6gqm-ruff-0.12.4"
        }
      }
    },
    "tailwindcss_4@4.1.11": {
      "last_modified": "2025-07-28T17:09:23Z",
      "resolved": "github:NixOS/nixpkgs/648f70160c03151bc2121d179291337ad6bc564b#tailwindcss_4",
      "source": "devbox-search",
      "version": "4.1.11",
      "systems": {
        "aarch64-darwin": {
          "outputs": [
            {
              "name": "out",
              "path": "/nix/store/qb3khy1j1pp858h6jb5a892wjrcc76kr-tailwindcss_4-4.1.11",
              "default": true
            }
          ],
          "store_path": "/nix/store/qb3khy1j1pp858h6jb5a892wjrcc76kr-tailwindcss_4-4.1.11"
        },
        "aarch64-linux": {
          "outputs": [
            {
              "name": "out",
              "path": "/nix/store/8ad308ifss30lgbg2xxr6pciw6b5wymi-tailwindcss_4-4.1.11",
              "default": true
            }
          ],
          "store_path": "/nix/store/8ad308ifss30lgbg2xxr6pciw6b5wymi-tailwindcss_4-4.1.11"
        },
        "x86_64-darwin": {
          "outputs": [
            {
              "name": "out",
              "path": "/nix/store/a7pc4ng64n6fz8r4w336g6q3rhvvcp15-tailwindcss_4-4.1.11",
              "default": true
            }
          ],
          "store_path": "/nix/store/a7pc4ng64n6fz8r4w336g6q3rhvvcp15-tailwindcss_4-4.1.11"
        },
        "x86_64-linux": {
          "outputs": [
            {
              "name": "out",
              "path": "/nix/store/0bh0hzvccbygjzzhqk5nrww8ryvvqs23-tailwindcss_4-4.1.11",
              "default": true
            }
          ],
          "store_path": "/nix/store/0bh0hzvccbygjzzhqk5nrww8ryvvqs23-tailwindcss_4-4.1.11"
        }
      }
    },
    "uv@0.8.2": {
      "last_modified": "2025-07-28T17:09:23Z",
      "resolved": "github:NixOS/nixpkgs/648f70160c03151bc2121d179291337ad6bc564b#uv",
      "source": "devbox-search",
      "version": "0.8.2",
      "systems": {
        "aarch64-darwin": {
          "outputs": [
            {
              "name": "out",
              "path": "/nix/store/db9y1b002zlnyjgpsnbl9hvlwsiqajl4-uv-0.8.2",
              "default": true
            }
          ],
          "store_path": "/nix/store/db9y1b002zlnyjgpsnbl9hvlwsiqajl4-uv-0.8.2"
        },
        "aarch64-linux": {
          "outputs": [
            {
              "name": "out",
              "path": "/nix/store/bdps6h2gn2rysavc3cq2slqnjlsyyk03-uv-0.8.2",
              "default": true
            }
          ],
          "store_path": "/nix/store/bdps6h2gn2rysavc3cq2slqnjlsyyk03-uv-0.8.2"
        },
        "x86_64-darwin": {
          "outputs": [
            {
              "name": "out",
              "path": "/nix/store/91g6383zq1wbiik2an7g6yfrj294c19v-uv-0.8.2",
              "default": true
            }
          ],
          "store_path": "/nix/store/91g6383zq1wbiik2an7g6yfrj294c19v-uv-0.8.2"
        },
        "x86_64-linux": {
          "outputs": [
            {
              "name": "out",
              "path": "/nix/store/swq8qrr7n5gkc1b4940q62a3ll52prgl-uv-0.8.2",
              "default": true
            }
          ],
          "store_path": "/nix/store/swq8qrr7n5gkc1b4940q62a3ll52prgl-uv-0.8.2"
        }
      }
    }
  }
}
